
Microsoft Visual Studio Solution File, Format Version 12.00
# Visual Studio Version 17
VisualStudioVersion = 17.4.33122.133
MinimumVisualStudioVersion = 10.0.40219.1
Project("{9A19103F-16F7-4668-BE54-9A1E7A4F7556}") = "AnalogueClockAngleCalc", "AnalogueClockAngleCalc\AnalogueClockAngleCalc.csproj", "{4BB90DCA-FF89-44EA-AC72-F05FA57B3C25}"
EndProject
Project("{9A19103F-16F7-4668-BE54-9A1E7A4F7556}") = "BranchDepthCalc", "BranchDepthCalc\BranchDepthCalc.csproj", "{50B0B847-B36E-4483-A288-41AB5B403675}"
EndProject
Project("{9A19103F-16F7-4668-BE54-9A1E7A4F7556}") = "ReizAssignment.Tests", "ReizAssignment.Tests\ReizAssignment.Tests.csproj", "{8A5BCCC4-6097-4544-81C4-4922D9744064}"
EndProject
Global
	GlobalSection(SolutionConfigurationPlatforms) = preSolution
		Debug|Any CPU = Debug|Any CPU
		Release|Any CPU = Release|Any CPU
	EndGlobalSection
	GlobalSection(ProjectConfigurationPlatforms) = postSolution
		{4BB90DCA-FF89-44EA-AC72-F05FA57B3C25}.Debug|Any CPU.ActiveCfg = Debug|Any CPU
		{4BB90DCA-FF89-44EA-AC72-F05FA57B3C25}.Debug|Any CPU.Build.0 = Debug|Any CPU
		{4BB90DCA-FF89-44EA-AC72-F05FA57B3C25}.Release|Any CPU.ActiveCfg = Release|Any CPU
		{4BB90DCA-FF89-44EA-AC72-F05FA57B3C25}.Release|Any CPU.Build.0 = Release|Any CPU
		{50B0B847-B36E-4483-A288-41AB5B403675}.Debug|Any CPU.ActiveCfg = Debug|Any CPU
		{50B0B847-B36E-4483-A288-41AB5B403675}.Debug|Any CPU.Build.0 = Debug|Any CPU
		{50B0B847-B36E-4483-A288-41AB5B403675}.Release|Any CPU.ActiveCfg = Release|Any CPU
		{50B0B847-B36E-4483-A288-41AB5B403675}.Release|Any CPU.Build.0 = Release|Any CPU
		{8A5BCCC4-6097-4544-81C4-4922D9744064}.Debug|Any CPU.ActiveCfg = Debug|Any CPU
		{8A5BCCC4-6097-4544-81C4-4922D9744064}.Debug|Any CPU.Build.0 = Debug|Any CPU
		{8A5BCCC4-6097-4544-81C4-4922D9744064}.Release|Any CPU.ActiveCfg = Release|Any CPU
		{8A5BCCC4-6097-4544-81C4-4922D9744064}.Release|Any CPU.Build.0 = Release|Any CPU
	EndGlobalSection
	GlobalSection(SolutionProperties) = preSolution
		HideSolutionNode = FALSE
	EndGlobalSection
	GlobalSection(ExtensibilityGlobals) = postSolution
		SolutionGuid = {4C957470-DE0A-4899-A187-7A14454216F2}
	EndGlobalSection
EndGlobal
